Microsoft Visual Studio Solution File, Format Version 12.00
# Visual Studio Version 17
VisualStudioVersion = 17.5.2.0
MinimumVisualStudioVersion = 10.0.40219.1
Project("{FAE04EC0-301F-11D3-BF4B-00C04F79EFBC}") = "backend-tcc-pucrs", "backend-tcc-pucrs.csproj", "{63D069A5-824C-88A0-B215-AC70ADC97672}"
EndProject
Global
	GlobalSection(SolutionConfigurationPlatforms) = preSolution
		Debug|Any CPU = Debug|Any CPU
		Release|Any CPU = Release|Any CPU
	EndGlobalSection
	GlobalSection(ProjectConfigurationPlatforms) = postSolution
		{63D069A5-824C-88A0-B215-AC70ADC97672}.Debug|Any CPU.ActiveCfg = Debug|Any CPU
		{63D069A5-824C-88A0-B215-AC70ADC97672}.Debug|Any CPU.Build.0 = Debug|Any CPU
		{63D069A5-824C-88A0-B215-AC70ADC97672}.Release|Any CPU.ActiveCfg = Release|Any CPU
		{63D069A5-824C-88A0-B215-AC70ADC97672}.Release|Any CPU.Build.0 = Release|Any CPU
	EndGlobalSection
	GlobalSection(SolutionProperties) = preSolution
		HideSolutionNode = FALSE
	EndGlobalSection
	GlobalSection(ExtensibilityGlobals) = postSolution
		SolutionGuid = {055C3A82-F425-4274-892E-109A982A50FE}
	EndGlobalSection
EndGlobal
